
Microsoft Visual Studio Solution File, Format Version 12.00
# Visual Studio Version 16
VisualStudioVersion = 16.0.30711.63
MinimumVisualStudioVersion = 10.0.40219.1
Project("{FAE04EC0-301F-11D3-BF4B-00C04F79EFBC}") = "WebApplicationVSCode", "WebApplicationVSCode.csproj", "{BFF3D828-34CA-404F-8028-B2507494DD00}"
EndProject
Global
	GlobalSection(SolutionConfigurationPlatforms) = preSolution
		Debug|Any CPU = Debug|Any CPU
		Release|Any CPU = Release|Any CPU
	EndGlobalSection
	GlobalSection(ProjectConfigurationPlatforms) = postSolution
		{BFF3D828-34CA-404F-8028-B2507494DD00}.Debug|Any CPU.ActiveCfg = Debug|Any CPU
		{BFF3D828-34CA-404F-8028-B2507494DD00}.Debug|Any CPU.Build.0 = Debug|Any CPU
		{BFF3D828-34CA-404F-8028-B2507494DD00}.Release|Any CPU.ActiveCfg = Release|Any CPU
		{BFF3D828-34CA-404F-8028-B2507494DD00}.Release|Any CPU.Build.0 = Release|Any CPU
	EndGlobalSection
	GlobalSection(SolutionProperties) = preSolution
		HideSolutionNode = FALSE
	EndGlobalSection
	GlobalSection(ExtensibilityGlobals) = postSolution
		SolutionGuid = {FC110435-F9AE-4A4E-A937-FB3A04E4ECDA}
	EndGlobalSection
EndGlobal
